
Microsoft Visual Studio Solution File, Format Version 12.00
# Visual Studio Version 17
VisualStudioVersion = 17.1.32210.238
MinimumVisualStudioVersion = 10.0.40219.1
Project("{FAE04EC0-301F-11D3-BF4B-00C04F79EFBC}") = "Stack_and_Queue", "Stack_and_Queue\Stack_and_Queue.csproj", "{BA50A7D4-1AFA-47A3-81C5-D22C12BADC56}"
EndProject
Global
	GlobalSection(SolutionConfigurationPlatforms) = preSolution
		Debug|Any CPU = Debug|Any CPU
		Release|Any CPU = Release|Any CPU
	EndGlobalSection
	GlobalSection(ProjectConfigurationPlatforms) = postSolution
		{BA50A7D4-1AFA-47A3-81C5-D22C12BADC56}.Debug|Any CPU.ActiveCfg = Debug|Any CPU
		{BA50A7D4-1AFA-47A3-81C5-D22C12BADC56}.Debug|Any CPU.Build.0 = Debug|Any CPU
		{BA50A7D4-1AFA-47A3-81C5-D22C12BADC56}.Release|Any CPU.ActiveCfg = Release|Any CPU
		{BA50A7D4-1AFA-47A3-81C5-D22C12BADC56}.Release|Any CPU.Build.0 = Release|Any CPU
	EndGlobalSection
	GlobalSection(SolutionProperties) = preSolution
		HideSolutionNode = FALSE
	EndGlobalSection
	GlobalSection(ExtensibilityGlobals) = postSolution
		SolutionGuid = {6879D800-1715-435D-91C2-9EB19E0D54C3}
	EndGlobalSection
EndGlobal
